
Microsoft Visual Studio Solution File, Format Version 12.00
# Visual Studio Version 17
VisualStudioVersion = 17.0.32014.148
MinimumVisualStudioVersion = 10.0.40219.1
Project("{9A19103F-16F7-4668-BE54-9A1E7A4F7556}") = "BlazorFileUpload", "BlazorFileUpload.csproj", "{3D455A9D-7A5C-4B8B-BCE5-9CD9D1183C6D}"
EndProject
Global
	GlobalSection(SolutionConfigurationPlatforms) = preSolution
		Debug|Any CPU = Debug|Any CPU
		Release|Any CPU = Release|Any CPU
	EndGlobalSection
	GlobalSection(ProjectConfigurationPlatforms) = postSolution
		{3D455A9D-7A5C-4B8B-BCE5-9CD9D1183C6D}.Debug|Any CPU.ActiveCfg = Debug|Any CPU
		{3D455A9D-7A5C-4B8B-BCE5-9CD9D1183C6D}.Debug|Any CPU.Build.0 = Debug|Any CPU
		{3D455A9D-7A5C-4B8B-BCE5-9CD9D1183C6D}.Release|Any CPU.ActiveCfg = Release|Any CPU
		{3D455A9D-7A5C-4B8B-BCE5-9CD9D1183C6D}.Release|Any CPU.Build.0 = Release|Any CPU
	EndGlobalSection
	GlobalSection(SolutionProperties) = preSolution
		HideSolutionNode = FALSE
	EndGlobalSection
	GlobalSection(ExtensibilityGlobals) = postSolution
		SolutionGuid = {A59A073D-F586-41FE-9F4F-9CD5DBAE203A}
	EndGlobalSection
EndGlobal
